{
  "name": "egg-ts",
  "version": "0.0.0",
  "lockfileVersion": 1,
  "requires": true,
  "dependencies": {
    "@types/node": {
      "version": "14.0.23",
      "resolved": "https://registry.npm.taobao.org/@types/node/download/@types/node-14.0.23.tgz?cache=0&sync_timestamp=1594655926831&other_urls=https%3A%2F%2Fregistry.npm.taobao.org%2F%40types%2Fnode%2Fdownload%2F%40types%2Fnode-14.0.23.tgz",
      "integrity": "sha1-Z2+giDRQ7Z2guyQVYhNjYpCJKAY=",
      "dev": true
    },
    "reflect-metadata": {
      "version": "0.1.13",
      "resolved": "https://registry.npm.taobao.org/reflect-metadata/download/reflect-metadata-0.1.13.tgz",
      "integrity": "sha1-Z648pXyXKiqhZCsQ/jY/4y1J3Ag="
    },
    "typescript": {
      "version": "3.9.6",
      "resolved": "https://registry.npm.taobao.org/typescript/download/typescript-3.9.6.tgz?cache=0&sync_timestamp=1594795802405&other_urls=https%3A%2F%2Fregistry.npm.taobao.org%2Ftypescript%2Fdownload%2Ftypescript-3.9.6.tgz",
      "integrity": "sha1-jz4BmKNMOuFwkbNVcdOv0xmZNlo=",
      "dev": true
    }
  }
}
